
Microsoft Visual Studio Solution File, Format Version 12.00
# Visual Studio 15
VisualStudioVersion = 15.0.27703.2035
MinimumVisualStudioVersion = 10.0.40219.1
Project("{FAE04EC0-301F-11D3-BF4B-00C04F79EFBC}") = "Sales.Android", "Sales\Sales.Android\Sales.Android.csproj", "{71CF7581-7B2E-475D-A8EF-00E9B28661F0}"
EndProject
Project("{FAE04EC0-301F-11D3-BF4B-00C04F79EFBC}") = "Sales.iOS", "Sales\Sales.iOS\Sales.iOS.csproj", "{DA35CC89-BAB2-4E0D-935D-DA96AB8EF0C9}"
EndProject
Project("{FAE04EC0-301F-11D3-BF4B-00C04F79EFBC}") = "Sales.UWP", "Sales\Sales.UWP\Sales.UWP.csproj", "{E72FB7A9-BFA5-41FF-ACA9-73C7015CD4BE}"
EndProject
Project("{FAE04EC0-301F-11D3-BF4B-00C04F79EFBC}") = "Sales", "Sales\Sales\Sales.csproj", "{B98D9DF5-47E3-4E21-8750-205A0C7A072A}"
EndProject
Project("{FAE04EC0-301F-11D3-BF4B-00C04F79EFBC}") = "Sales.Bakend", "Sales.Bakend\Sales.Bakend.csproj", "{6EC977CB-9EBB-4713-9C6B-CAA34EB6CDAB}"
EndProject
Project("{FAE04EC0-301F-11D3-BF4B-00C04F79EFBC}") = "Sales.API", "Sales.API\Sales.API.csproj", "{AD6B5550-46F8-4C41-9DA4-9FE6B2012158}"
EndProject
Project("{FAE04EC0-301F-11D3-BF4B-00C04F79EFBC}") = "Sales.Domain", "Sales.Domain\Sales.Domain.csproj", "{D5948115-78BA-4D00-BFC1-00596BA3BAE4}"
EndProject
Project("{FAE04EC0-301F-11D3-BF4B-00C04F79EFBC}") = "Sales.Common", "Sales.Common\Sales.Common.csproj", "{1AFD52AA-2FA6-482F-BD99-641F0B3CE4B3}"
EndProject
Global
	GlobalSection(SolutionConfigurationPlatforms) = preSolution
		Ad-Hoc|Any CPU = Ad-Hoc|Any CPU
		Ad-Hoc|ARM = Ad-Hoc|ARM
		Ad-Hoc|iPhone = Ad-Hoc|iPhone
		Ad-Hoc|iPhoneSimulator = Ad-Hoc|iPhoneSimulator
		Ad-Hoc|x64 = Ad-Hoc|x64
		Ad-Hoc|x86 = Ad-Hoc|x86
		AppStore|Any CPU = AppStore|Any CPU
		AppStore|ARM = AppStore|ARM
		AppStore|iPhone = AppStore|iPhone
		AppStore|iPhoneSimulator = AppStore|iPhoneSimulator
		AppStore|x64 = AppStore|x64
		AppStore|x86 = AppStore|x86
		Debug|Any CPU = Debug|Any CPU
		Debug|ARM = Debug|ARM
		Debug|iPhone = Debug|iPhone
		Debug|iPhoneSimulator = Debug|iPhoneSimulator
		Debug|x64 = Debug|x64
		Debug|x86 = Debug|x86
		Release|Any CPU = Release|Any CPU
		Release|ARM = Release|ARM
		Release|iPhone = Release|iPhone
		Release|iPhoneSimulator = Release|iPhoneSimulator
		Release|x64 = Release|x64
		Release|x86 = Release|x86
	EndGlobalSection
	GlobalSection(ProjectConfigurationPlatforms) = postSolution
		{71CF7581-7B2E-475D-A8EF-00E9B28661F0}.Ad-Hoc|Any CPU.ActiveCfg = Release|Any CPU
		{71CF7581-7B2E-475D-A8EF-00E9B28661F0}.Ad-Hoc|Any CPU.Build.0 = Release|Any CPU
		{71CF7581-7B2E-475D-A8EF-00E9B28661F0}.Ad-Hoc|Any CPU.Deploy.0 = Release|Any CPU
		{71CF7581-7B2E-475D-A8EF-00E9B28661F0}.Ad-Hoc|ARM.ActiveCfg = Release|Any CPU
		{71CF7581-7B2E-475D-A8EF-00E9B28661F0}.Ad-Hoc|ARM.Build.0 = Release|Any CPU
		{71CF7581-7B2E-475D-A8EF-00E9B28661F0}.Ad-Hoc|ARM.Deploy.0 = Release|Any CPU
		{71CF7581-7B2E-475D-A8EF-00E9B28661F0}.Ad-Hoc|iPhone.ActiveCfg = Release|Any CPU
		{71CF7581-7B2E-475D-A8EF-00E9B28661F0}.Ad-Hoc|iPhone.Build.0 = Release|Any CPU
		{71CF7581-7B2E-475D-A8EF-00E9B28661F0}.Ad-Hoc|iPhone.Deploy.0 = Release|Any CPU
		{71CF7581-7B2E-475D-A8EF-00E9B28661F0}.Ad-Hoc|iPhoneSimulator.ActiveCfg = Release|Any CPU
		{71CF7581-7B2E-475D-A8EF-00E9B28661F0}.Ad-Hoc|iPhoneSimulator.Build.0 = Release|Any CPU
		{71CF7581-7B2E-475D-A8EF-00E9B28661F0}.Ad-Hoc|iPhoneSimulator.Deploy.0 = Release|Any CPU
		{71CF7581-7B2E-475D-A8EF-00E9B28661F0}.Ad-Hoc|x64.ActiveCfg = Release|Any CPU
		{71CF7581-7B2E-475D-A8EF-00E9B28661F0}.Ad-Hoc|x64.Build.0 = Release|Any CPU
		{71CF7581-7B2E-475D-A8EF-00E9B28661F0}.Ad-Hoc|x64.Deploy.0 = Release|Any CPU
		{71CF7581-7B2E-475D-A8EF-00E9B28661F0}.Ad-Hoc|x86.ActiveCfg = Release|Any CPU
		{71CF7581-7B2E-475D-A8EF-00E9B28661F0}.Ad-Hoc|x86.Build.0 = Release|Any CPU
		{71CF7581-7B2E-475D-A8EF-00E9B28661F0}.Ad-Hoc|x86.Deploy.0 = Release|Any CPU
		{71CF7581-7B2E-475D-A8EF-00E9B28661F0}.AppStore|Any CPU.ActiveCfg = Release|Any CPU
		{71CF7581-7B2E-475D-A8EF-00E9B28661F0}.AppStore|Any CPU.Build.0 = Release|Any CPU
		{71CF7581-7B2E-475D-A8EF-00E9B28661F0}.AppStore|Any CPU.Deploy.0 = Release|Any CPU
		{71CF7581-7B2E-475D-A8EF-00E9B28661F0}.AppStore|ARM.ActiveCfg = Release|Any CPU
		{71CF7581-7B2E-475D-A8EF-00E9B28661F0}.AppStore|ARM.Build.0 = Release|Any CPU
		{71CF7581-7B2E-475D-A8EF-00E9B28661F0}.AppStore|ARM.Deploy.0 = Release|Any CPU
		{71CF7581-7B2E-475D-A8EF-00E9B28661F0}.AppStore|iPhone.ActiveCfg = Release|Any CPU
		{71CF7581-7B2E-475D-A8EF-00E9B28661F0}.AppStore|iPhone.Build.0 = Release|Any CPU
		{71CF7581-7B2E-475D-A8EF-00E9B28661F0}.AppStore|iPhone.Deploy.0 = Release|Any CPU
		{71CF7581-7B2E-475D-A8EF-00E9B28661F0}.AppStore|iPhoneSimulator.ActiveCfg = Release|Any CPU
		{71CF7581-7B2E-475D-A8EF-00E9B28661F0}.AppStore|iPhoneSimulator.Build.0 = Release|Any CPU
		{71CF7581-7B2E-475D-A8EF-00E9B28661F0}.AppStore|iPhoneSimulator.Deploy.0 = Release|Any CPU
		{71CF7581-7B2E-475D-A8EF-00E9B28661F0}.AppStore|x64.ActiveCfg = Release|Any CPU
		{71CF7581-7B2E-475D-A8EF-00E9B28661F0}.AppStore|x64.Build.0 = Release|Any CPU
		{71CF7581-7B2E-475D-A8EF-00E9B28661F0}.AppStore|x64.Deploy.0 = Release|Any CPU
		{71CF7581-7B2E-475D-A8EF-00E9B28661F0}.AppStore|x86.ActiveCfg = Release|Any CPU
		{71CF7581-7B2E-475D-A8EF-00E9B28661F0}.AppStore|x86.Build.0 = Release|Any CPU
		{71CF7581-7B2E-475D-A8EF-00E9B28661F0}.AppStore|x86.Deploy.0 = Release|Any CPU
		{71CF7581-7B2E-475D-A8EF-00E9B28661F0}.Debug|Any CPU.ActiveCfg = Debug|Any CPU
		{71CF7581-7B2E-475D-A8EF-00E9B28661F0}.Debug|Any CPU.Build.0 = Debug|Any CPU
		{71CF7581-7B2E-475D-A8EF-00E9B28661F0}.Debug|Any CPU.Deploy.0 = Debug|Any CPU
		{71CF7581-7B2E-475D-A8EF-00E9B28661F0}.Debug|ARM.ActiveCfg = Debug|Any CPU
		{71CF7581-7B2E-475D-A8EF-00E9B28661F0}.Debug|ARM.Build.0 = Debug|Any CPU
		{71CF7581-7B2E-475D-A8EF-00E9B28661F0}.Debug|ARM.Deploy.0 = Debug|Any CPU
		{71CF7581-7B2E-475D-A8EF-00E9B28661F0}.Debug|iPhone.ActiveCfg = Debug|Any CPU
		{71CF7581-7B2E-475D-A8EF-00E9B28661F0}.Debug|iPhone.Build.0 = Debug|Any CPU
		{71CF7581-7B2E-475D-A8EF-00E9B28661F0}.Debug|iPhone.Deploy.0 = Debug|Any CPU
		{71CF7581-7B2E-475D-A8EF-00E9B28661F0}.Debug|iPhoneSimulator.ActiveCfg = Debug|Any CPU
		{71CF7581-7B2E-475D-A8EF-00E9B28661F0}.Debug|iPhoneSimulator.Build.0 = Debug|Any CPU
		{71CF7581-7B2E-475D-A8EF-00E9B28661F0}.Debug|iPhoneSimulator.Deploy.0 = Debug|Any CPU
		{71CF7581-7B2E-475D-A8EF-00E9B28661F0}.Debug|x64.ActiveCfg = Debug|Any CPU
		{71CF7581-7B2E-475D-A8EF-00E9B28661F0}.Debug|x64.Build.0 = Debug|Any CPU
		{71CF7581-7B2E-475D-A8EF-00E9B28661F0}.Debug|x64.Deploy.0 = Debug|Any CPU
		{71CF7581-7B2E-475D-A8EF-00E9B28661F0}.Debug|x86.ActiveCfg = Debug|Any CPU
		{71CF7581-7B2E-475D-A8EF-00E9B28661F0}.Debug|x86.Build.0 = Debug|Any CPU
		{71CF7581-7B2E-475D-A8EF-00E9B28661F0}.Debug|x86.Deploy.0 = Debug|Any CPU
		{71CF7581-7B2E-475D-A8EF-00E9B28661F0}.Release|Any CPU.ActiveCfg = Release|Any CPU
		{71CF7581-7B2E-475D-A8EF-00E9B28661F0}.Release|Any CPU.Build.0 = Release|Any CPU
		{71CF7581-7B2E-475D-A8EF-00E9B28661F0}.Release|Any CPU.Deploy.0 = Release|Any CPU
		{71CF7581-7B2E-475D-A8EF-00E9B28661F0}.Release|ARM.ActiveCfg = Release|Any CPU
		{71CF7581-7B2E-475D-A8EF-00E9B28661F0}.Release|ARM.Build.0 = Release|Any CPU
		{71CF7581-7B2E-475D-A8EF-00E9B28661F0}.Release|ARM.Deploy.0 = Release|Any CPU
		{71CF7581-7B2E-475D-A8EF-00E9B28661F0}.Release|iPhone.ActiveCfg = Release|Any CPU
		{71CF7581-7B2E-475D-A8EF-00E9B28661F0}.Release|iPhone.Build.0 = Release|Any CPU
		{71CF7581-7B2E-475D-A8EF-00E9B28661F0}.Release|iPhone.Deploy.0 = Release|Any CPU
		{71CF7581-7B2E-475D-A8EF-00E9B28661F0}.Release|iPhoneSimulator.ActiveCfg = Release|Any CPU
		{71CF7581-7B2E-475D-A8EF-00E9B28661F0}.Release|iPhoneSimulator.Build.0 = Release|Any CPU
		{71CF7581-7B2E-475D-A8EF-00E9B28661F0}.Release|iPhoneSimulator.Deploy.0 = Release|Any CPU
		{71CF7581-7B2E-475D-A8EF-00E9B28661F0}.Release|x64.ActiveCfg = Release|Any CPU
		{71CF7581-7B2E-475D-A8EF-00E9B28661F0}.Release|x64.Build.0 = Release|Any CPU
		{71CF7581-7B2E-475D-A8EF-00E9B28661F0}.Release|x64.Deploy.0 = Release|Any CPU
		{71CF7581-7B2E-475D-A8EF-00E9B28661F0}.Release|x86.ActiveCfg = Release|Any CPU
		{71CF7581-7B2E-475D-A8EF-00E9B28661F0}.Release|x86.Build.0 = Release|Any CPU
		{71CF7581-7B2E-475D-A8EF-00E9B28661F0}.Release|x86.Deploy.0 = Release|Any CPU
		{DA35CC89-BAB2-4E0D-935D-DA96AB8EF0C9}.Ad-Hoc|Any CPU.ActiveCfg = Ad-Hoc|iPhone
		{DA35CC89-BAB2-4E0D-935D-DA96AB8EF0C9}.Ad-Hoc|Any CPU.Build.0 = Ad-Hoc|iPhone
		{DA35CC89-BAB2-4E0D-935D-DA96AB8EF0C9}.Ad-Hoc|Any CPU.Deploy.0 = Ad-Hoc|iPhone
		{DA35CC89-BAB2-4E0D-935D-DA96AB8EF0C9}.Ad-Hoc|ARM.ActiveCfg = Ad-Hoc|iPhone
		{DA35CC89-BAB2-4E0D-935D-DA96AB8EF0C9}.Ad-Hoc|ARM.Build.0 = Ad-Hoc|iPhone
		{DA35CC89-BAB2-4E0D-935D-DA96AB8EF0C9}.Ad-Hoc|ARM.Deploy.0 = Ad-Hoc|iPhone
		{DA35CC89-BAB2-4E0D-935D-DA96AB8EF0C9}.Ad-Hoc|iPhone.ActiveCfg = Ad-Hoc|iPhone
		{DA35CC89-BAB2-4E0D-935D-DA96AB8EF0C9}.Ad-Hoc|iPhone.Build.0 = Ad-Hoc|iPhone
		{DA35CC89-BAB2-4E0D-935D-DA96AB8EF0C9}.Ad-Hoc|iPhone.Deploy.0 = Ad-Hoc|iPhone
		{DA35CC89-BAB2-4E0D-935D-DA96AB8EF0C9}.Ad-Hoc|iPhoneSimulator.ActiveCfg = Ad-Hoc|iPhoneSimulator
		{DA35CC89-BAB2-4E0D-935D-DA96AB8EF0C9}.Ad-Hoc|iPhoneSimulator.Build.0 = Ad-Hoc|iPhoneSimulator
		{DA35CC89-BAB2-4E0D-935D-DA96AB8EF0C9}.Ad-Hoc|iPhoneSimulator.Deploy.0 = Ad-Hoc|iPhoneSimulator
		{DA35CC89-BAB2-4E0D-935D-DA96AB8EF0C9}.Ad-Hoc|x64.ActiveCfg = Ad-Hoc|iPhone
		{DA35CC89-BAB2-4E0D-935D-DA96AB8EF0C9}.Ad-Hoc|x64.Build.0 = Ad-Hoc|iPhone
		{DA35CC89-BAB2-4E0D-935D-DA96AB8EF0C9}.Ad-Hoc|x64.Deploy.0 = Ad-Hoc|iPhone
		{DA35CC89-BAB2-4E0D-935D-DA96AB8EF0C9}.Ad-Hoc|x86.ActiveCfg = Ad-Hoc|iPhone
		{DA35CC89-BAB2-4E0D-935D-DA96AB8EF0C9}.Ad-Hoc|x86.Build.0 = Ad-Hoc|iPhone
		{DA35CC89-BAB2-4E0D-935D-DA96AB8EF0C9}.Ad-Hoc|x86.Deploy.0 = Ad-Hoc|iPhone
		{DA35CC89-BAB2-4E0D-935D-DA96AB8EF0C9}.AppStore|Any CPU.ActiveCfg = AppStore|iPhone
		{DA35CC89-BAB2-4E0D-935D-DA96AB8EF0C9}.AppStore|Any CPU.Build.0 = AppStore|iPhone
		{DA35CC89-BAB2-4E0D-935D-DA96AB8EF0C9}.AppStore|Any CPU.Deploy.0 = AppStore|iPhone
		{DA35CC89-BAB2-4E0D-935D-DA96AB8EF0C9}.AppStore|ARM.ActiveCfg = AppStore|iPhone
		{DA35CC89-BAB2-4E0D-935D-DA96AB8EF0C9}.AppStore|ARM.Build.0 = AppStore|iPhone
		{DA35CC89-BAB2-4E0D-935D-DA96AB8EF0C9}.AppStore|ARM.Deploy.0 = AppStore|iPhone
		{DA35CC89-BAB2-4E0D-935D-DA96AB8EF0C9}.AppStore|iPhone.ActiveCfg = AppStore|iPhone
		{DA35CC89-BAB2-4E0D-935D-DA96AB8EF0C9}.AppStore|iPhone.Build.0 = AppStore|iPhone
		{DA35CC89-BAB2-4E0D-935D-DA96AB8EF0C9}.AppStore|iPhone.Deploy.0 = AppStore|iPhone
		{DA35CC89-BAB2-4E0D-935D-DA96AB8EF0C9}.AppStore|iPhoneSimulator.ActiveCfg = AppStore|iPhoneSimulator
		{DA35CC89-BAB2-4E0D-935D-DA96AB8EF0C9}.AppStore|iPhoneSimulator.Build.0 = AppStore|iPhoneSimulator
		{DA35CC89-BAB2-4E0D-935D-DA96AB8EF0C9}.AppStore|iPhoneSimulator.Deploy.0 = AppStore|iPhoneSimulator
		{DA35CC89-BAB2-4E0D-935D-DA96AB8EF0C9}.AppStore|x64.ActiveCfg = AppStore|iPhone
		{DA35CC89-BAB2-4E0D-935D-DA96AB8EF0C9}.AppStore|x64.Build.0 = AppStore|iPhone
		{DA35CC89-BAB2-4E0D-935D-DA96AB8EF0C9}.AppStore|x64.Deploy.0 = AppStore|iPhone
		{DA35CC89-BAB2-4E0D-935D-DA96AB8EF0C9}.AppStore|x86.ActiveCfg = AppStore|iPhone
		{DA35CC89-BAB2-4E0D-935D-DA96AB8EF0C9}.AppStore|x86.Build.0 = AppStore|iPhone
		{DA35CC89-BAB2-4E0D-935D-DA96AB8EF0C9}.AppStore|x86.Deploy.0 = AppStore|iPhone
		{DA35CC89-BAB2-4E0D-935D-DA96AB8EF0C9}.Debug|Any CPU.ActiveCfg = Debug|iPhoneSimulator
		{DA35CC89-BAB2-4E0D-935D-DA96AB8EF0C9}.Debug|Any CPU.Build.0 = Debug|iPhoneSimulator
		{DA35CC89-BAB2-4E0D-935D-DA96AB8EF0C9}.Debug|Any CPU.Deploy.0 = Debug|iPhoneSimulator
		{DA35CC89-BAB2-4E0D-935D-DA96AB8EF0C9}.Debug|ARM.ActiveCfg = Debug|iPhone
		{DA35CC89-BAB2-4E0D-935D-DA96AB8EF0C9}.Debug|ARM.Build.0 = Debug|iPhone
		{DA35CC89-BAB2-4E0D-935D-DA96AB8EF0C9}.Debug|ARM.Deploy.0 = Debug|iPhone
		{DA35CC89-BAB2-4E0D-935D-DA96AB8EF0C9}.Debug|iPhone.ActiveCfg = Debug|iPhone
		{DA35CC89-BAB2-4E0D-935D-DA96AB8EF0C9}.Debug|iPhone.Build.0 = Debug|iPhone
		{DA35CC89-BAB2-4E0D-935D-DA96AB8EF0C9}.Debug|iPhone.Deploy.0 = Debug|iPhone
		{DA35CC89-BAB2-4E0D-935D-DA96AB8EF0C9}.Debug|iPhoneSimulator.ActiveCfg = Debug|iPhoneSimulator
		{DA35CC89-BAB2-4E0D-935D-DA96AB8EF0C9}.Debug|iPhoneSimulator.Build.0 = Debug|iPhoneSimulator
		{DA35CC89-BAB2-4E0D-935D-DA96AB8EF0C9}.Debug|iPhoneSimulator.Deploy.0 = Debug|iPhoneSimulator
		{DA35CC89-BAB2-4E0D-935D-DA96AB8EF0C9}.Debug|x64.ActiveCfg = Debug|iPhone
		{DA35CC89-BAB2-4E0D-935D-DA96AB8EF0C9}.Debug|x64.Build.0 = Debug|iPhone
		{DA35CC89-BAB2-4E0D-935D-DA96AB8EF0C9}.Debug|x64.Deploy.0 = Debug|iPhone
		{DA35CC89-BAB2-4E0D-935D-DA96AB8EF0C9}.Debug|x86.ActiveCfg = Debug|iPhone
		{DA35CC89-BAB2-4E0D-935D-DA96AB8EF0C9}.Debug|x86.Build.0 = Debug|iPhone
		{DA35CC89-BAB2-4E0D-935D-DA96AB8EF0C9}.Debug|x86.Deploy.0 = Debug|iPhone
		{DA35CC89-BAB2-4E0D-935D-DA96AB8EF0C9}.Release|Any CPU.ActiveCfg = Release|iPhone
		{DA35CC89-BAB2-4E0D-935D-DA96AB8EF0C9}.Release|Any CPU.Build.0 = Release|iPhone
		{DA35CC89-BAB2-4E0D-935D-DA96AB8EF0C9}.Release|Any CPU.Deploy.0 = Release|iPhone
		{DA35CC89-BAB2-4E0D-935D-DA96AB8EF0C9}.Release|ARM.ActiveCfg = Release|iPhone
		{DA35CC89-BAB2-4E0D-935D-DA96AB8EF0C9}.Release|ARM.Build.0 = Release|iPhone
		{DA35CC89-BAB2-4E0D-935D-DA96AB8EF0C9}.Release|ARM.Deploy.0 = Release|iPhone
		{DA35CC89-BAB2-4E0D-935D-DA96AB8EF0C9}.Release|iPhone.ActiveCfg = Release|iPhone
		{DA35CC89-BAB2-4E0D-935D-DA96AB8EF0C9}.Release|iPhone.Build.0 = Release|iPhone
		{DA35CC89-BAB2-4E0D-935D-DA96AB8EF0C9}.Release|iPhone.Deploy.0 = Release|iPhone
		{DA35CC89-BAB2-4E0D-935D-DA96AB8EF0C9}.Release|iPhoneSimulator.ActiveCfg = Release|iPhoneSimulator
		{DA35CC89-BAB2-4E0D-935D-DA96AB8EF0C9}.Release|iPhoneSimulator.Build.0 = Release|iPhoneSimulator
		{DA35CC89-BAB2-4E0D-935D-DA96AB8EF0C9}.Release|iPhoneSimulator.Deploy.0 = Release|iPhoneSimulator
		{DA35CC89-BAB2-4E0D-935D-DA96AB8EF0C9}.Release|x64.ActiveCfg = Release|iPhone
		{DA35CC89-BAB2-4E0D-935D-DA96AB8EF0C9}.Release|x64.Build.0 = Release|iPhone
		{DA35CC89-BAB2-4E0D-935D-DA96AB8EF0C9}.Release|x64.Deploy.0 = Release|iPhone
		{DA35CC89-BAB2-4E0D-935D-DA96AB8EF0C9}.Release|x86.ActiveCfg = Release|iPhone
		{DA35CC89-BAB2-4E0D-935D-DA96AB8EF0C9}.Release|x86.Build.0 = Release|iPhone
		{DA35CC89-BAB2-4E0D-935D-DA96AB8EF0C9}.Release|x86.Deploy.0 = Release|iPhone
		{E72FB7A9-BFA5-41FF-ACA9-73C7015CD4BE}.Ad-Hoc|Any CPU.ActiveCfg = Release|x86
		{E72FB7A9-BFA5-41FF-ACA9-73C7015CD4BE}.Ad-Hoc|Any CPU.Build.0 = Release|x86
		{E72FB7A9-BFA5-41FF-ACA9-73C7015CD4BE}.Ad-Hoc|Any CPU.Deploy.0 = Release|x86
		{E72FB7A9-BFA5-41FF-ACA9-73C7015CD4BE}.Ad-Hoc|ARM.ActiveCfg = Release|ARM
		{E72FB7A9-BFA5-41FF-ACA9-73C7015CD4BE}.Ad-Hoc|ARM.Build.0 = Release|ARM
		{E72FB7A9-BFA5-41FF-ACA9-73C7015CD4BE}.Ad-Hoc|ARM.Deploy.0 = Release|ARM
		{E72FB7A9-BFA5-41FF-ACA9-73C7015CD4BE}.Ad-Hoc|iPhone.ActiveCfg = Release|x86
		{E72FB7A9-BFA5-41FF-ACA9-73C7015CD4BE}.Ad-Hoc|iPhone.Build.0 = Release|x86
		{E72FB7A9-BFA5-41FF-ACA9-73C7015CD4BE}.Ad-Hoc|iPhone.Deploy.0 = Release|x86
		{E72FB7A9-BFA5-41FF-ACA9-73C7015CD4BE}.Ad-Hoc|iPhoneSimulator.ActiveCfg = Release|x86
		{E72FB7A9-BFA5-41FF-ACA9-73C7015CD4BE}.Ad-Hoc|iPhoneSimulator.Build.0 = Release|x86
		{E72FB7A9-BFA5-41FF-ACA9-73C7015CD4BE}.Ad-Hoc|iPhoneSimulator.Deploy.0 = Release|x86
		{E72FB7A9-BFA5-41FF-ACA9-73C7015CD4BE}.Ad-Hoc|x64.ActiveCfg = Release|x64
		{E72FB7A9-BFA5-41FF-ACA9-73C7015CD4BE}.Ad-Hoc|x64.Build.0 = Release|x64
		{E72FB7A9-BFA5-41FF-ACA9-73C7015CD4BE}.Ad-Hoc|x64.Deploy.0 = Release|x64
		{E72FB7A9-BFA5-41FF-ACA9-73C7015CD4BE}.Ad-Hoc|x86.ActiveCfg = Release|x86
		{E72FB7A9-BFA5-41FF-ACA9-73C7015CD4BE}.Ad-Hoc|x86.Build.0 = Release|x86
		{E72FB7A9-BFA5-41FF-ACA9-73C7015CD4BE}.Ad-Hoc|x86.Deploy.0 = Release|x86
		{E72FB7A9-BFA5-41FF-ACA9-73C7015CD4BE}.AppStore|Any CPU.ActiveCfg = Release|x86
		{E72FB7A9-BFA5-41FF-ACA9-73C7015CD4BE}.AppStore|Any CPU.Build.0 = Release|x86
		{E72FB7A9-BFA5-41FF-ACA9-73C7015CD4BE}.AppStore|Any CPU.Deploy.0 = Release|x86
		{E72FB7A9-BFA5-41FF-ACA9-73C7015CD4BE}.AppStore|ARM.ActiveCfg = Release|ARM
		{E72FB7A9-BFA5-41FF-ACA9-73C7015CD4BE}.AppStore|ARM.Build.0 = Release|ARM
		{E72FB7A9-BFA5-41FF-ACA9-73C7015CD4BE}.AppStore|ARM.Deploy.0 = Release|ARM
		{E72FB7A9-BFA5-41FF-ACA9-73C7015CD4BE}.AppStore|iPhone.ActiveCfg = Release|x86
		{E72FB7A9-BFA5-41FF-ACA9-73C7015CD4BE}.AppStore|iPhone.Build.0 = Release|x86
		{E72FB7A9-BFA5-41FF-ACA9-73C7015CD4BE}.AppStore|iPhone.Deploy.0 = Release|x86
		{E72FB7A9-BFA5-41FF-ACA9-73C7015CD4BE}.AppStore|iPhoneSimulator.ActiveCfg = Release|x86
		{E72FB7A9-BFA5-41FF-ACA9-73C7015CD4BE}.AppStore|iPhoneSimulator.Build.0 = Release|x86
		{E72FB7A9-BFA5-41FF-ACA9-73C7015CD4BE}.AppStore|iPhoneSimulator.Deploy.0 = Release|x86
		{E72FB7A9-BFA5-41FF-ACA9-73C7015CD4BE}.AppStore|x64.ActiveCfg = Release|x64
		{E72FB7A9-BFA5-41FF-ACA9-73C7015CD4BE}.AppStore|x64.Build.0 = Release|x64
		{E72FB7A9-BFA5-41FF-ACA9-73C7015CD4BE}.AppStore|x64.Deploy.0 = Release|x64
		{E72FB7A9-BFA5-41FF-ACA9-73C7015CD4BE}.AppStore|x86.ActiveCfg = Release|x86
		{E72FB7A9-BFA5-41FF-ACA9-73C7015CD4BE}.AppStore|x86.Build.0 = Release|x86
		{E72FB7A9-BFA5-41FF-ACA9-73C7015CD4BE}.AppStore|x86.Deploy.0 = Release|x86
		{E72FB7A9-BFA5-41FF-ACA9-73C7015CD4BE}.Debug|Any CPU.ActiveCfg = Debug|x86
		{E72FB7A9-BFA5-41FF-ACA9-73C7015CD4BE}.Debug|Any CPU.Build.0 = Debug|x86
		{E72FB7A9-BFA5-41FF-ACA9-73C7015CD4BE}.Debug|Any CPU.Deploy.0 = Debug|x86
		{E72FB7A9-BFA5-41FF-ACA9-73C7015CD4BE}.Debug|ARM.ActiveCfg = Debug|ARM
		{E72FB7A9-BFA5-41FF-ACA9-73C7015CD4BE}.Debug|ARM.Build.0 = Debug|ARM
		{E72FB7A9-BFA5-41FF-ACA9-73C7015CD4BE}.Debug|ARM.Deploy.0 = Debug|ARM
		{E72FB7A9-BFA5-41FF-ACA9-73C7015CD4BE}.Debug|iPhone.ActiveCfg = Debug|x86
		{E72FB7A9-BFA5-41FF-ACA9-73C7015CD4BE}.Debug|iPhone.Build.0 = Debug|x86
		{E72FB7A9-BFA5-41FF-ACA9-73C7015CD4BE}.Debug|iPhone.Deploy.0 = Debug|x86
		{E72FB7A9-BFA5-41FF-ACA9-73C7015CD4BE}.Debug|iPhoneSimulator.ActiveCfg = Debug|x86
		{E72FB7A9-BFA5-41FF-ACA9-73C7015CD4BE}.Debug|iPhoneSimulator.Build.0 = Debug|x86
		{E72FB7A9-BFA5-41FF-ACA9-73C7015CD4BE}.Debug|iPhoneSimulator.Deploy.0 = Debug|x86
		{E72FB7A9-BFA5-41FF-ACA9-73C7015CD4BE}.Debug|x64.ActiveCfg = Debug|x64
		{E72FB7A9-BFA5-41FF-ACA9-73C7015CD4BE}.Debug|x64.Build.0 = Debug|x64
		{E72FB7A9-BFA5-41FF-ACA9-73C7015CD4BE}.Debug|x64.Deploy.0 = Debug|x64
		{E72FB7A9-BFA5-41FF-ACA9-73C7015CD4BE}.Debug|x86.ActiveCfg = Debug|x86
		{E72FB7A9-BFA5-41FF-ACA9-73C7015CD4BE}.Debug|x86.Build.0 = Debug|x86
		{E72FB7A9-BFA5-41FF-ACA9-73C7015CD4BE}.Debug|x86.Deploy.0 = Debug|x86
		{E72FB7A9-BFA5-41FF-ACA9-73C7015CD4BE}.Release|Any CPU.ActiveCfg = Release|x86
		{E72FB7A9-BFA5-41FF-ACA9-73C7015CD4BE}.Release|Any CPU.Build.0 = Release|x86
		{E72FB7A9-BFA5-41FF-ACA9-73C7015CD4BE}.Release|Any CPU.Deploy.0 = Release|x86
		{E72FB7A9-BFA5-41FF-ACA9-73C7015CD4BE}.Release|ARM.ActiveCfg = Release|ARM
		{E72FB7A9-BFA5-41FF-ACA9-73C7015CD4BE}.Release|ARM.Build.0 = Release|ARM
		{E72FB7A9-BFA5-41FF-ACA9-73C7015CD4BE}.Release|ARM.Deploy.0 = Release|ARM
		{E72FB7A9-BFA5-41FF-ACA9-73C7015CD4BE}.Release|iPhone.ActiveCfg = Release|x86
		{E72FB7A9-BFA5-41FF-ACA9-73C7015CD4BE}.Release|iPhone.Build.0 = Release|x86
		{E72FB7A9-BFA5-41FF-ACA9-73C7015CD4BE}.Release|iPhone.Deploy.0 = Release|x86
		{E72FB7A9-BFA5-41FF-ACA9-73C7015CD4BE}.Release|iPhoneSimulator.ActiveCfg = Release|x86
		{E72FB7A9-BFA5-41FF-ACA9-73C7015CD4BE}.Release|iPhoneSimulator.Build.0 = Release|x86
		{E72FB7A9-BFA5-41FF-ACA9-73C7015CD4BE}.Release|iPhoneSimulator.Deploy.0 = Release|x86
		{E72FB7A9-BFA5-41FF-ACA9-73C7015CD4BE}.Release|x64.ActiveCfg = Release|x64
		{E72FB7A9-BFA5-41FF-ACA9-73C7015CD4BE}.Release|x64.Build.0 = Release|x64
		{E72FB7A9-BFA5-41FF-ACA9-73C7015CD4BE}.Release|x64.Deploy.0 = Release|x64
		{E72FB7A9-BFA5-41FF-ACA9-73C7015CD4BE}.Release|x86.ActiveCfg = Release|x86
		{E72FB7A9-BFA5-41FF-ACA9-73C7015CD4BE}.Release|x86.Build.0 = Release|x86
		{E72FB7A9-BFA5-41FF-ACA9-73C7015CD4BE}.Release|x86.Deploy.0 = Release|x86
		{B98D9DF5-47E3-4E21-8750-205A0C7A072A}.Ad-Hoc|Any CPU.ActiveCfg = Debug|Any CPU
		{B98D9DF5-47E3-4E21-8750-205A0C7A072A}.Ad-Hoc|Any CPU.Build.0 = Debug|Any CPU
		{B98D9DF5-47E3-4E21-8750-205A0C7A072A}.Ad-Hoc|Any CPU.Deploy.0 = Debug|Any CPU
		{B98D9DF5-47E3-4E21-8750-205A0C7A072A}.Ad-Hoc|ARM.ActiveCfg = Debug|Any CPU
		{B98D9DF5-47E3-4E21-8750-205A0C7A072A}.Ad-Hoc|ARM.Build.0 = Debug|Any CPU
		{B98D9DF5-47E3-4E21-8750-205A0C7A072A}.Ad-Hoc|ARM.Deploy.0 = Debug|Any CPU
		{B98D9DF5-47E3-4E21-8750-205A0C7A072A}.Ad-Hoc|iPhone.ActiveCfg = Debug|Any CPU
		{B98D9DF5-47E3-4E21-8750-205A0C7A072A}.Ad-Hoc|iPhone.Build.0 = Debug|Any CPU
		{B98D9DF5-47E3-4E21-8750-205A0C7A072A}.Ad-Hoc|iPhone.Deploy.0 = Debug|Any CPU
		{B98D9DF5-47E3-4E21-8750-205A0C7A072A}.Ad-Hoc|iPhoneSimulator.ActiveCfg = Debug|Any CPU
		{B98D9DF5-47E3-4E21-8750-205A0C7A072A}.Ad-Hoc|iPhoneSimulator.Build.0 = Debug|Any CPU
		{B98D9DF5-47E3-4E21-8750-205A0C7A072A}.Ad-Hoc|iPhoneSimulator.Deploy.0 = Debug|Any CPU
		{B98D9DF5-47E3-4E21-8750-205A0C7A072A}.Ad-Hoc|x64.ActiveCfg = Debug|Any CPU
		{B98D9DF5-47E3-4E21-8750-205A0C7A072A}.Ad-Hoc|x64.Build.0 = Debug|Any CPU
		{B98D9DF5-47E3-4E21-8750-205A0C7A072A}.Ad-Hoc|x64.Deploy.0 = Debug|Any CPU
		{B98D9DF5-47E3-4E21-8750-205A0C7A072A}.Ad-Hoc|x86.ActiveCfg = Debug|Any CPU
		{B98D9DF5-47E3-4E21-8750-205A0C7A072A}.Ad-Hoc|x86.Build.0 = Debug|Any CPU
		{B98D9DF5-47E3-4E21-8750-205A0C7A072A}.Ad-Hoc|x86.Deploy.0 = Debug|Any CPU
		{B98D9DF5-47E3-4E21-8750-205A0C7A072A}.AppStore|Any CPU.ActiveCfg = Debug|Any CPU
		{B98D9DF5-47E3-4E21-8750-205A0C7A072A}.AppStore|Any CPU.Build.0 = Debug|Any CPU
		{B98D9DF5-47E3-4E21-8750-205A0C7A072A}.AppStore|Any CPU.Deploy.0 = Debug|Any CPU
		{B98D9DF5-47E3-4E21-8750-205A0C7A072A}.AppStore|ARM.ActiveCfg = Debug|Any CPU
		{B98D9DF5-47E3-4E21-8750-205A0C7A072A}.AppStore|ARM.Build.0 = Debug|Any CPU
		{B98D9DF5-47E3-4E21-8750-205A0C7A072A}.AppStore|ARM.Deploy.0 = Debug|Any CPU
		{B98D9DF5-47E3-4E21-8750-205A0C7A072A}.AppStore|iPhone.ActiveCfg = Debug|Any CPU
		{B98D9DF5-47E3-4E21-8750-205A0C7A072A}.AppStore|iPhone.Build.0 = Debug|Any CPU
		{B98D9DF5-47E3-4E21-8750-205A0C7A072A}.AppStore|iPhone.Deploy.0 = Debug|Any CPU
		{B98D9DF5-47E3-4E21-8750-205A0C7A072A}.AppStore|iPhoneSimulator.ActiveCfg = Debug|Any CPU
		{B98D9DF5-47E3-4E21-8750-205A0C7A072A}.AppStore|iPhoneSimulator.Build.0 = Debug|Any CPU
		{B98D9DF5-47E3-4E21-8750-205A0C7A072A}.AppStore|iPhoneSimulator.Deploy.0 = Debug|Any CPU
		{B98D9DF5-47E3-4E21-8750-205A0C7A072A}.AppStore|x64.ActiveCfg = Debug|Any CPU
		{B98D9DF5-47E3-4E21-8750-205A0C7A072A}.AppStore|x64.Build.0 = Debug|Any CPU
		{B98D9DF5-47E3-4E21-8750-205A0C7A072A}.AppStore|x64.Deploy.0 = Debug|Any CPU
		{B98D9DF5-47E3-4E21-8750-205A0C7A072A}.AppStore|x86.ActiveCfg = Debug|Any CPU
		{B98D9DF5-47E3-4E21-8750-205A0C7A072A}.AppStore|x86.Build.0 = Debug|Any CPU
		{B98D9DF5-47E3-4E21-8750-205A0C7A072A}.AppStore|x86.Deploy.0 = Debug|Any CPU
		{B98D9DF5-47E3-4E21-8750-205A0C7A072A}.Debug|Any CPU.ActiveCfg = Debug|Any CPU
		{B98D9DF5-47E3-4E21-8750-205A0C7A072A}.Debug|Any CPU.Build.0 = Debug|Any CPU
		{B98D9DF5-47E3-4E21-8750-205A0C7A072A}.Debug|Any CPU.Deploy.0 = Debug|Any CPU
		{B98D9DF5-47E3-4E21-8750-205A0C7A072A}.Debug|ARM.ActiveCfg = Debug|Any CPU
		{B98D9DF5-47E3-4E21-8750-205A0C7A072A}.Debug|ARM.Build.0 = Debug|Any CPU
		{B98D9DF5-47E3-4E21-8750-205A0C7A072A}.Debug|ARM.Deploy.0 = Debug|Any CPU
		{B98D9DF5-47E3-4E21-8750-205A0C7A072A}.Debug|iPhone.ActiveCfg = Debug|Any CPU
		{B98D9DF5-47E3-4E21-8750-205A0C7A072A}.Debug|iPhone.Build.0 = Debug|Any CPU
		{B98D9DF5-47E3-4E21-8750-205A0C7A072A}.Debug|iPhone.Deploy.0 = Debug|Any CPU
		{B98D9DF5-47E3-4E21-8750-205A0C7A072A}.Debug|iPhoneSimulator.ActiveCfg = Debug|Any CPU
		{B98D9DF5-47E3-4E21-8750-205A0C7A072A}.Debug|iPhoneSimulator.Build.0 = Debug|Any CPU
		{B98D9DF5-47E3-4E21-8750-205A0C7A072A}.Debug|iPhoneSimulator.Deploy.0 = Debug|Any CPU
		{B98D9DF5-47E3-4E21-8750-205A0C7A072A}.Debug|x64.ActiveCfg = Debug|Any CPU
		{B98D9DF5-47E3-4E21-8750-205A0C7A072A}.Debug|x64.Build.0 = Debug|Any CPU
		{B98D9DF5-47E3-4E21-8750-205A0C7A072A}.Debug|x64.Deploy.0 = Debug|Any CPU
		{B98D9DF5-47E3-4E21-8750-205A0C7A072A}.Debug|x86.ActiveCfg = Debug|Any CPU
		{B98D9DF5-47E3-4E21-8750-205A0C7A072A}.Debug|x86.Build.0 = Debug|Any CPU
		{B98D9DF5-47E3-4E21-8750-205A0C7A072A}.Debug|x86.Deploy.0 = Debug|Any CPU
		{B98D9DF5-47E3-4E21-8750-205A0C7A072A}.Release|Any CPU.ActiveCfg = Release|Any CPU
		{B98D9DF5-47E3-4E21-8750-205A0C7A072A}.Release|Any CPU.Build.0 = Release|Any CPU
		{B98D9DF5-47E3-4E21-8750-205A0C7A072A}.Release|Any CPU.Deploy.0 = Release|Any CPU
		{B98D9DF5-47E3-4E21-8750-205A0C7A072A}.Release|ARM.ActiveCfg = Release|Any CPU
		{B98D9DF5-47E3-4E21-8750-205A0C7A072A}.Release|ARM.Build.0 = Release|Any CPU
		{B98D9DF5-47E3-4E21-8750-205A0C7A072A}.Release|ARM.Deploy.0 = Release|Any CPU
		{B98D9DF5-47E3-4E21-8750-205A0C7A072A}.Release|iPhone.ActiveCfg = Release|Any CPU
		{B98D9DF5-47E3-4E21-8750-205A0C7A072A}.Release|iPhone.Build.0 = Release|Any CPU
		{B98D9DF5-47E3-4E21-8750-205A0C7A072A}.Release|iPhone.Deploy.0 = Release|Any CPU
		{B98D9DF5-47E3-4E21-8750-205A0C7A072A}.Release|iPhoneSimulator.ActiveCfg = Release|Any CPU
		{B98D9DF5-47E3-4E21-8750-205A0C7A072A}.Release|iPhoneSimulator.Build.0 = Release|Any CPU
		{B98D9DF5-47E3-4E21-8750-205A0C7A072A}.Release|iPhoneSimulator.Deploy.0 = Release|Any CPU
		{B98D9DF5-47E3-4E21-8750-205A0C7A072A}.Release|x64.ActiveCfg = Release|Any CPU
		{B98D9DF5-47E3-4E21-8750-205A0C7A072A}.Release|x64.Build.0 = Release|Any CPU
		{B98D9DF5-47E3-4E21-8750-205A0C7A072A}.Release|x64.Deploy.0 = Release|Any CPU
		{B98D9DF5-47E3-4E21-8750-205A0C7A072A}.Release|x86.ActiveCfg = Release|Any CPU
		{B98D9DF5-47E3-4E21-8750-205A0C7A072A}.Release|x86.Build.0 = Release|Any CPU
		{B98D9DF5-47E3-4E21-8750-205A0C7A072A}.Release|x86.Deploy.0 = Release|Any CPU
		{6EC977CB-9EBB-4713-9C6B-CAA34EB6CDAB}.Ad-Hoc|Any CPU.ActiveCfg = Release|Any CPU
		{6EC977CB-9EBB-4713-9C6B-CAA34EB6CDAB}.Ad-Hoc|Any CPU.Build.0 = Release|Any CPU
		{6EC977CB-9EBB-4713-9C6B-CAA34EB6CDAB}.Ad-Hoc|ARM.ActiveCfg = Release|Any CPU
		{6EC977CB-9EBB-4713-9C6B-CAA34EB6CDAB}.Ad-Hoc|ARM.Build.0 = Release|Any CPU
		{6EC977CB-9EBB-4713-9C6B-CAA34EB6CDAB}.Ad-Hoc|iPhone.ActiveCfg = Release|Any CPU
		{6EC977CB-9EBB-4713-9C6B-CAA34EB6CDAB}.Ad-Hoc|iPhone.Build.0 = Release|Any CPU
		{6EC977CB-9EBB-4713-9C6B-CAA34EB6CDAB}.Ad-Hoc|iPhoneSimulator.ActiveCfg = Release|Any CPU
		{6EC977CB-9EBB-4713-9C6B-CAA34EB6CDAB}.Ad-Hoc|iPhoneSimulator.Build.0 = Release|Any CPU
		{6EC977CB-9EBB-4713-9C6B-CAA34EB6CDAB}.Ad-Hoc|x64.ActiveCfg = Release|Any CPU
		{6EC977CB-9EBB-4713-9C6B-CAA34EB6CDAB}.Ad-Hoc|x64.Build.0 = Release|Any CPU
		{6EC977CB-9EBB-4713-9C6B-CAA34EB6CDAB}.Ad-Hoc|x86.ActiveCfg = Release|Any CPU
		{6EC977CB-9EBB-4713-9C6B-CAA34EB6CDAB}.Ad-Hoc|x86.Build.0 = Release|Any CPU
		{6EC977CB-9EBB-4713-9C6B-CAA34EB6CDAB}.AppStore|Any CPU.ActiveCfg = Release|Any CPU
		{6EC977CB-9EBB-4713-9C6B-CAA34EB6CDAB}.AppStore|Any CPU.Build.0 = Release|Any CPU
		{6EC977CB-9EBB-4713-9C6B-CAA34EB6CDAB}.AppStore|ARM.ActiveCfg = Release|Any CPU
		{6EC977CB-9EBB-4713-9C6B-CAA34EB6CDAB}.AppStore|ARM.Build.0 = Release|Any CPU
		{6EC977CB-9EBB-4713-9C6B-CAA34EB6CDAB}.AppStore|iPhone.ActiveCfg = Release|Any CPU
		{6EC977CB-9EBB-4713-9C6B-CAA34EB6CDAB}.AppStore|iPhone.Build.0 = Release|Any CPU
		{6EC977CB-9EBB-4713-9C6B-CAA34EB6CDAB}.AppStore|iPhoneSimulator.ActiveCfg = Release|Any CPU
		{6EC977CB-9EBB-4713-9C6B-CAA34EB6CDAB}.AppStore|iPhoneSimulator.Build.0 = Release|Any CPU
		{6EC977CB-9EBB-4713-9C6B-CAA34EB6CDAB}.AppStore|x64.ActiveCfg = Release|Any CPU
		{6EC977CB-9EBB-4713-9C6B-CAA34EB6CDAB}.AppStore|x64.Build.0 = Release|Any CPU
		{6EC977CB-9EBB-4713-9C6B-CAA34EB6CDAB}.AppStore|x86.ActiveCfg = Release|Any CPU
		{6EC977CB-9EBB-4713-9C6B-CAA34EB6CDAB}.AppStore|x86.Build.0 = Release|Any CPU
		{6EC977CB-9EBB-4713-9C6B-CAA34EB6CDAB}.Debug|Any CPU.ActiveCfg = Debug|Any CPU
		{6EC977CB-9EBB-4713-9C6B-CAA34EB6CDAB}.Debug|Any CPU.Build.0 = Debug|Any CPU
		{6EC977CB-9EBB-4713-9C6B-CAA34EB6CDAB}.Debug|ARM.ActiveCfg = Debug|Any CPU
		{6EC977CB-9EBB-4713-9C6B-CAA34EB6CDAB}.Debug|ARM.Build.0 = Debug|Any CPU
		{6EC977CB-9EBB-4713-9C6B-CAA34EB6CDAB}.Debug|iPhone.ActiveCfg = Debug|Any CPU
		{6EC977CB-9EBB-4713-9C6B-CAA34EB6CDAB}.Debug|iPhone.Build.0 = Debug|Any CPU
		{6EC977CB-9EBB-4713-9C6B-CAA34EB6CDAB}.Debug|iPhoneSimulator.ActiveCfg = Debug|Any CPU
		{6EC977CB-9EBB-4713-9C6B-CAA34EB6CDAB}.Debug|iPhoneSimulator.Build.0 = Debug|Any CPU
		{6EC977CB-9EBB-4713-9C6B-CAA34EB6CDAB}.Debug|x64.ActiveCfg = Debug|Any CPU
		{6EC977CB-9EBB-4713-9C6B-CAA34EB6CDAB}.Debug|x64.Build.0 = Debug|Any CPU
		{6EC977CB-9EBB-4713-9C6B-CAA34EB6CDAB}.Debug|x86.ActiveCfg = Debug|Any CPU
		{6EC977CB-9EBB-4713-9C6B-CAA34EB6CDAB}.Debug|x86.Build.0 = Debug|Any CPU
		{6EC977CB-9EBB-4713-9C6B-CAA34EB6CDAB}.Release|Any CPU.ActiveCfg = Release|Any CPU
		{6EC977CB-9EBB-4713-9C6B-CAA34EB6CDAB}.Release|Any CPU.Build.0 = Release|Any CPU
		{6EC977CB-9EBB-4713-9C6B-CAA34EB6CDAB}.Release|ARM.ActiveCfg = Release|Any CPU
		{6EC977CB-9EBB-4713-9C6B-CAA34EB6CDAB}.Release|ARM.Build.0 = Release|Any CPU
		{6EC977CB-9EBB-4713-9C6B-CAA34EB6CDAB}.Release|iPhone.ActiveCfg = Release|Any CPU
		{6EC977CB-9EBB-4713-9C6B-CAA34EB6CDAB}.Release|iPhone.Build.0 = Release|Any CPU
		{6EC977CB-9EBB-4713-9C6B-CAA34EB6CDAB}.Release|iPhoneSimulator.ActiveCfg = Release|Any CPU
		{6EC977CB-9EBB-4713-9C6B-CAA34EB6CDAB}.Release|iPhoneSimulator.Build.0 = Release|Any CPU
		{6EC977CB-9EBB-4713-9C6B-CAA34EB6CDAB}.Release|x64.ActiveCfg = Release|Any CPU
		{6EC977CB-9EBB-4713-9C6B-CAA34EB6CDAB}.Release|x64.Build.0 = Release|Any CPU
		{6EC977CB-9EBB-4713-9C6B-CAA34EB6CDAB}.Release|x86.ActiveCfg = Release|Any CPU
		{6EC977CB-9EBB-4713-9C6B-CAA34EB6CDAB}.Release|x86.Build.0 = Release|Any CPU
		{AD6B5550-46F8-4C41-9DA4-9FE6B2012158}.Ad-Hoc|Any CPU.ActiveCfg = Release|Any CPU
		{AD6B5550-46F8-4C41-9DA4-9FE6B2012158}.Ad-Hoc|Any CPU.Build.0 = Release|Any CPU
		{AD6B5550-46F8-4C41-9DA4-9FE6B2012158}.Ad-Hoc|ARM.ActiveCfg = Release|Any CPU
		{AD6B5550-46F8-4C41-9DA4-9FE6B2012158}.Ad-Hoc|ARM.Build.0 = Release|Any CPU
		{AD6B5550-46F8-4C41-9DA4-9FE6B2012158}.Ad-Hoc|iPhone.ActiveCfg = Release|Any CPU
		{AD6B5550-46F8-4C41-9DA4-9FE6B2012158}.Ad-Hoc|iPhone.Build.0 = Release|Any CPU
		{AD6B5550-46F8-4C41-9DA4-9FE6B2012158}.Ad-Hoc|iPhoneSimulator.ActiveCfg = Release|Any CPU
		{AD6B5550-46F8-4C41-9DA4-9FE6B2012158}.Ad-Hoc|iPhoneSimulator.Build.0 = Release|Any CPU
		{AD6B5550-46F8-4C41-9DA4-9FE6B2012158}.Ad-Hoc|x64.ActiveCfg = Release|Any CPU
		{AD6B5550-46F8-4C41-9DA4-9FE6B2012158}.Ad-Hoc|x64.Build.0 = Release|Any CPU
		{AD6B5550-46F8-4C41-9DA4-9FE6B2012158}.Ad-Hoc|x86.ActiveCfg = Release|Any CPU
		{AD6B5550-46F8-4C41-9DA4-9FE6B2012158}.Ad-Hoc|x86.Build.0 = Release|Any CPU
		{AD6B5550-46F8-4C41-9DA4-9FE6B2012158}.AppStore|Any CPU.ActiveCfg = Release|Any CPU
		{AD6B5550-46F8-4C41-9DA4-9FE6B2012158}.AppStore|Any CPU.Build.0 = Release|Any CPU
		{AD6B5550-46F8-4C41-9DA4-9FE6B2012158}.AppStore|ARM.ActiveCfg = Release|Any CPU
		{AD6B5550-46F8-4C41-9DA4-9FE6B2012158}.AppStore|ARM.Build.0 = Release|Any CPU
		{AD6B5550-46F8-4C41-9DA4-9FE6B2012158}.AppStore|iPhone.ActiveCfg = Release|Any CPU
		{AD6B5550-46F8-4C41-9DA4-9FE6B2012158}.AppStore|iPhone.Build.0 = Release|Any CPU
		{AD6B5550-46F8-4C41-9DA4-9FE6B2012158}.AppStore|iPhoneSimulator.ActiveCfg = Release|Any CPU
		{AD6B5550-46F8-4C41-9DA4-9FE6B2012158}.AppStore|iPhoneSimulator.Build.0 = Release|Any CPU
		{AD6B5550-46F8-4C41-9DA4-9FE6B2012158}.AppStore|x64.ActiveCfg = Release|Any CPU
		{AD6B5550-46F8-4C41-9DA4-9FE6B2012158}.AppStore|x64.Build.0 = Release|Any CPU
		{AD6B5550-46F8-4C41-9DA4-9FE6B2012158}.AppStore|x86.ActiveCfg = Release|Any CPU
		{AD6B5550-46F8-4C41-9DA4-9FE6B2012158}.AppStore|x86.Build.0 = Release|Any CPU
		{AD6B5550-46F8-4C41-9DA4-9FE6B2012158}.Debug|Any CPU.ActiveCfg = Debug|Any CPU
		{AD6B5550-46F8-4C41-9DA4-9FE6B2012158}.Debug|Any CPU.Build.0 = Debug|Any CPU
		{AD6B5550-46F8-4C41-9DA4-9FE6B2012158}.Debug|ARM.ActiveCfg = Debug|Any CPU
		{AD6B5550-46F8-4C41-9DA4-9FE6B2012158}.Debug|ARM.Build.0 = Debug|Any CPU
		{AD6B5550-46F8-4C41-9DA4-9FE6B2012158}.Debug|iPhone.ActiveCfg = Debug|Any CPU
		{AD6B5550-46F8-4C41-9DA4-9FE6B2012158}.Debug|iPhone.Build.0 = Debug|Any CPU
		{AD6B5550-46F8-4C41-9DA4-9FE6B2012158}.Debug|iPhoneSimulator.ActiveCfg = Debug|Any CPU
		{AD6B5550-46F8-4C41-9DA4-9FE6B2012158}.Debug|iPhoneSimulator.Build.0 = Debug|Any CPU
		{AD6B5550-46F8-4C41-9DA4-9FE6B2012158}.Debug|x64.ActiveCfg = Debug|Any CPU
		{AD6B5550-46F8-4C41-9DA4-9FE6B2012158}.Debug|x64.Build.0 = Debug|Any CPU
		{AD6B5550-46F8-4C41-9DA4-9FE6B2012158}.Debug|x86.ActiveCfg = Debug|Any CPU
		{AD6B5550-46F8-4C41-9DA4-9FE6B2012158}.Debug|x86.Build.0 = Debug|Any CPU
		{AD6B5550-46F8-4C41-9DA4-9FE6B2012158}.Release|Any CPU.ActiveCfg = Release|Any CPU
		{AD6B5550-46F8-4C41-9DA4-9FE6B2012158}.Release|Any CPU.Build.0 = Release|Any CPU
		{AD6B5550-46F8-4C41-9DA4-9FE6B2012158}.Release|ARM.ActiveCfg = Release|Any CPU
		{AD6B5550-46F8-4C41-9DA4-9FE6B2012158}.Release|ARM.Build.0 = Release|Any CPU
		{AD6B5550-46F8-4C41-9DA4-9FE6B2012158}.Release|iPhone.ActiveCfg = Release|Any CPU
		{AD6B5550-46F8-4C41-9DA4-9FE6B2012158}.Release|iPhone.Build.0 = Release|Any CPU
		{AD6B5550-46F8-4C41-9DA4-9FE6B2012158}.Release|iPhoneSimulator.ActiveCfg = Release|Any CPU
		{AD6B5550-46F8-4C41-9DA4-9FE6B2012158}.Release|iPhoneSimulator.Build.0 = Release|Any CPU
		{AD6B5550-46F8-4C41-9DA4-9FE6B2012158}.Release|x64.ActiveCfg = Release|Any CPU
		{AD6B5550-46F8-4C41-9DA4-9FE6B2012158}.Release|x64.Build.0 = Release|Any CPU
		{AD6B5550-46F8-4C41-9DA4-9FE6B2012158}.Release|x86.ActiveCfg = Release|Any CPU
		{AD6B5550-46F8-4C41-9DA4-9FE6B2012158}.Release|x86.Build.0 = Release|Any CPU
		{D5948115-78BA-4D00-BFC1-00596BA3BAE4}.Ad-Hoc|Any CPU.ActiveCfg = Release|Any CPU
		{D5948115-78BA-4D00-BFC1-00596BA3BAE4}.Ad-Hoc|Any CPU.Build.0 = Release|Any CPU
		{D5948115-78BA-4D00-BFC1-00596BA3BAE4}.Ad-Hoc|ARM.ActiveCfg = Release|Any CPU
		{D5948115-78BA-4D00-BFC1-00596BA3BAE4}.Ad-Hoc|ARM.Build.0 = Release|Any CPU
		{D5948115-78BA-4D00-BFC1-00596BA3BAE4}.Ad-Hoc|iPhone.ActiveCfg = Release|Any CPU
		{D5948115-78BA-4D00-BFC1-00596BA3BAE4}.Ad-Hoc|iPhone.Build.0 = Release|Any CPU
		{D5948115-78BA-4D00-BFC1-00596BA3BAE4}.Ad-Hoc|iPhoneSimulator.ActiveCfg = Release|Any CPU
		{D5948115-78BA-4D00-BFC1-00596BA3BAE4}.Ad-Hoc|iPhoneSimulator.Build.0 = Release|Any CPU
		{D5948115-78BA-4D00-BFC1-00596BA3BAE4}.Ad-Hoc|x64.ActiveCfg = Release|Any CPU
		{D5948115-78BA-4D00-BFC1-00596BA3BAE4}.Ad-Hoc|x64.Build.0 = Release|Any CPU
		{D5948115-78BA-4D00-BFC1-00596BA3BAE4}.Ad-Hoc|x86.ActiveCfg = Release|Any CPU
		{D5948115-78BA-4D00-BFC1-00596BA3BAE4}.Ad-Hoc|x86.Build.0 = Release|Any CPU
		{D5948115-78BA-4D00-BFC1-00596BA3BAE4}.AppStore|Any CPU.ActiveCfg = Release|Any CPU
		{D5948115-78BA-4D00-BFC1-00596BA3BAE4}.AppStore|Any CPU.Build.0 = Release|Any CPU
		{D5948115-78BA-4D00-BFC1-00596BA3BAE4}.AppStore|ARM.ActiveCfg = Release|Any CPU
		{D5948115-78BA-4D00-BFC1-00596BA3BAE4}.AppStore|ARM.Build.0 = Release|Any CPU
		{D5948115-78BA-4D00-BFC1-00596BA3BAE4}.AppStore|iPhone.ActiveCfg = Release|Any CPU
		{D5948115-78BA-4D00-BFC1-00596BA3BAE4}.AppStore|iPhone.Build.0 = Release|Any CPU
		{D5948115-78BA-4D00-BFC1-00596BA3BAE4}.AppStore|iPhoneSimulator.ActiveCfg = Release|Any CPU
		{D5948115-78BA-4D00-BFC1-00596BA3BAE4}.AppStore|iPhoneSimulator.Build.0 = Release|Any CPU
		{D5948115-78BA-4D00-BFC1-00596BA3BAE4}.AppStore|x64.ActiveCfg = Release|Any CPU
		{D5948115-78BA-4D00-BFC1-00596BA3BAE4}.AppStore|x64.Build.0 = Release|Any CPU
		{D5948115-78BA-4D00-BFC1-00596BA3BAE4}.AppStore|x86.ActiveCfg = Release|Any CPU
		{D5948115-78BA-4D00-BFC1-00596BA3BAE4}.AppStore|x86.Build.0 = Release|Any CPU
		{D5948115-78BA-4D00-BFC1-00596BA3BAE4}.Debug|Any CPU.ActiveCfg = Debug|Any CPU
		{D5948115-78BA-4D00-BFC1-00596BA3BAE4}.Debug|Any CPU.Build.0 = Debug|Any CPU
		{D5948115-78BA-4D00-BFC1-00596BA3BAE4}.Debug|ARM.ActiveCfg = Debug|Any CPU
		{D5948115-78BA-4D00-BFC1-00596BA3BAE4}.Debug|ARM.Build.0 = Debug|Any CPU
		{D5948115-78BA-4D00-BFC1-00596BA3BAE4}.Debug|iPhone.ActiveCfg = Debug|Any CPU
		{D5948115-78BA-4D00-BFC1-00596BA3BAE4}.Debug|iPhone.Build.0 = Debug|Any CPU
		{D5948115-78BA-4D00-BFC1-00596BA3BAE4}.Debug|iPhoneSimulator.ActiveCfg = Debug|Any CPU
		{D5948115-78BA-4D00-BFC1-00596BA3BAE4}.Debug|iPhoneSimulator.Build.0 = Debug|Any CPU
		{D5948115-78BA-4D00-BFC1-00596BA3BAE4}.Debug|x64.ActiveCfg = Debug|Any CPU
		{D5948115-78BA-4D00-BFC1-00596BA3BAE4}.Debug|x64.Build.0 = Debug|Any CPU
		{D5948115-78BA-4D00-BFC1-00596BA3BAE4}.Debug|x86.ActiveCfg = Debug|Any CPU
		{D5948115-78BA-4D00-BFC1-00596BA3BAE4}.Debug|x86.Build.0 = Debug|Any CPU
		{D5948115-78BA-4D00-BFC1-00596BA3BAE4}.Release|Any CPU.ActiveCfg = Release|Any CPU
		{D5948115-78BA-4D00-BFC1-00596BA3BAE4}.Release|Any CPU.Build.0 = Release|Any CPU
		{D5948115-78BA-4D00-BFC1-00596BA3BAE4}.Release|ARM.ActiveCfg = Release|Any CPU
		{D5948115-78BA-4D00-BFC1-00596BA3BAE4}.Release|ARM.Build.0 = Release|Any CPU
		{D5948115-78BA-4D00-BFC1-00596BA3BAE4}.Release|iPhone.ActiveCfg = Release|Any CPU
		{D5948115-78BA-4D00-BFC1-00596BA3BAE4}.Release|iPhone.Build.0 = Release|Any CPU
		{D5948115-78BA-4D00-BFC1-00596BA3BAE4}.Release|iPhoneSimulator.ActiveCfg = Release|Any CPU
		{D5948115-78BA-4D00-BFC1-00596BA3BAE4}.Release|iPhoneSimulator.Build.0 = Release|Any CPU
		{D5948115-78BA-4D00-BFC1-00596BA3BAE4}.Release|x64.ActiveCfg = Release|Any CPU
		{D5948115-78BA-4D00-BFC1-00596BA3BAE4}.Release|x64.Build.0 = Release|Any CPU
		{D5948115-78BA-4D00-BFC1-00596BA3BAE4}.Release|x86.ActiveCfg = Release|Any CPU
		{D5948115-78BA-4D00-BFC1-00596BA3BAE4}.Release|x86.Build.0 = Release|Any CPU
		{1AFD52AA-2FA6-482F-BD99-641F0B3CE4B3}.Ad-Hoc|Any CPU.ActiveCfg = Release|Any CPU
		{1AFD52AA-2FA6-482F-BD99-641F0B3CE4B3}.Ad-Hoc|Any CPU.Build.0 = Release|Any CPU
		{1AFD52AA-2FA6-482F-BD99-641F0B3CE4B3}.Ad-Hoc|ARM.ActiveCfg = Release|Any CPU
		{1AFD52AA-2FA6-482F-BD99-641F0B3CE4B3}.Ad-Hoc|ARM.Build.0 = Release|Any CPU
		{1AFD52AA-2FA6-482F-BD99-641F0B3CE4B3}.Ad-Hoc|iPhone.ActiveCfg = Release|Any CPU
		{1AFD52AA-2FA6-482F-BD99-641F0B3CE4B3}.Ad-Hoc|iPhone.Build.0 = Release|Any CPU
		{1AFD52AA-2FA6-482F-BD99-641F0B3CE4B3}.Ad-Hoc|iPhoneSimulator.ActiveCfg = Release|Any CPU
		{1AFD52AA-2FA6-482F-BD99-641F0B3CE4B3}.Ad-Hoc|iPhoneSimulator.Build.0 = Release|Any CPU
		{1AFD52AA-2FA6-482F-BD99-641F0B3CE4B3}.Ad-Hoc|x64.ActiveCfg = Release|Any CPU
		{1AFD52AA-2FA6-482F-BD99-641F0B3CE4B3}.Ad-Hoc|x64.Build.0 = Release|Any CPU
		{1AFD52AA-2FA6-482F-BD99-641F0B3CE4B3}.Ad-Hoc|x86.ActiveCfg = Release|Any CPU
		{1AFD52AA-2FA6-482F-BD99-641F0B3CE4B3}.Ad-Hoc|x86.Build.0 = Release|Any CPU
		{1AFD52AA-2FA6-482F-BD99-641F0B3CE4B3}.AppStore|Any CPU.ActiveCfg = Release|Any CPU
		{1AFD52AA-2FA6-482F-BD99-641F0B3CE4B3}.AppStore|Any CPU.Build.0 = Release|Any CPU
		{1AFD52AA-2FA6-482F-BD99-641F0B3CE4B3}.AppStore|ARM.ActiveCfg = Release|Any CPU
		{1AFD52AA-2FA6-482F-BD99-641F0B3CE4B3}.AppStore|ARM.Build.0 = Release|Any CPU
		{1AFD52AA-2FA6-482F-BD99-641F0B3CE4B3}.AppStore|iPhone.ActiveCfg = Release|Any CPU
		{1AFD52AA-2FA6-482F-BD99-641F0B3CE4B3}.AppStore|iPhone.Build.0 = Release|Any CPU
		{1AFD52AA-2FA6-482F-BD99-641F0B3CE4B3}.AppStore|iPhoneSimulator.ActiveCfg = Release|Any CPU
		{1AFD52AA-2FA6-482F-BD99-641F0B3CE4B3}.AppStore|iPhoneSimulator.Build.0 = Release|Any CPU
		{1AFD52AA-2FA6-482F-BD99-641F0B3CE4B3}.AppStore|x64.ActiveCfg = Release|Any CPU
		{1AFD52AA-2FA6-482F-BD99-641F0B3CE4B3}.AppStore|x64.Build.0 = Release|Any CPU
		{1AFD52AA-2FA6-482F-BD99-641F0B3CE4B3}.AppStore|x86.ActiveCfg = Release|Any CPU
		{1AFD52AA-2FA6-482F-BD99-641F0B3CE4B3}.AppStore|x86.Build.0 = Release|Any CPU
		{1AFD52AA-2FA6-482F-BD99-641F0B3CE4B3}.Debug|Any CPU.ActiveCfg = Debug|Any CPU
		{1AFD52AA-2FA6-482F-BD99-641F0B3CE4B3}.Debug|Any CPU.Build.0 = Debug|Any CPU
		{1AFD52AA-2FA6-482F-BD99-641F0B3CE4B3}.Debug|ARM.ActiveCfg = Debug|Any CPU
		{1AFD52AA-2FA6-482F-BD99-641F0B3CE4B3}.Debug|ARM.Build.0 = Debug|Any CPU
		{1AFD52AA-2FA6-482F-BD99-641F0B3CE4B3}.Debug|iPhone.ActiveCfg = Debug|Any CPU
		{1AFD52AA-2FA6-482F-BD99-641F0B3CE4B3}.Debug|iPhone.Build.0 = Debug|Any CPU
		{1AFD52AA-2FA6-482F-BD99-641F0B3CE4B3}.Debug|iPhoneSimulator.ActiveCfg = Debug|Any CPU
		{1AFD52AA-2FA6-482F-BD99-641F0B3CE4B3}.Debug|iPhoneSimulator.Build.0 = Debug|Any CPU
		{1AFD52AA-2FA6-482F-BD99-641F0B3CE4B3}.Debug|x64.ActiveCfg = Debug|Any CPU
		{1AFD52AA-2FA6-482F-BD99-641F0B3CE4B3}.Debug|x64.Build.0 = Debug|Any CPU
		{1AFD52AA-2FA6-482F-BD99-641F0B3CE4B3}.Debug|x86.ActiveCfg = Debug|Any CPU
		{1AFD52AA-2FA6-482F-BD99-641F0B3CE4B3}.Debug|x86.Build.0 = Debug|Any CPU
		{1AFD52AA-2FA6-482F-BD99-641F0B3CE4B3}.Release|Any CPU.ActiveCfg = Release|Any CPU
		{1AFD52AA-2FA6-482F-BD99-641F0B3CE4B3}.Release|Any CPU.Build.0 = Release|Any CPU
		{1AFD52AA-2FA6-482F-BD99-641F0B3CE4B3}.Release|ARM.ActiveCfg = Release|Any CPU
		{1AFD52AA-2FA6-482F-BD99-641F0B3CE4B3}.Release|ARM.Build.0 = Release|Any CPU
		{1AFD52AA-2FA6-482F-BD99-641F0B3CE4B3}.Release|iPhone.ActiveCfg = Release|Any CPU
		{1AFD52AA-2FA6-482F-BD99-641F0B3CE4B3}.Release|iPhone.Build.0 = Release|Any CPU
		{1AFD52AA-2FA6-482F-BD99-641F0B3CE4B3}.Release|iPhoneSimulator.ActiveCfg = Release|Any CPU
		{1AFD52AA-2FA6-482F-BD99-641F0B3CE4B3}.Release|iPhoneSimulator.Build.0 = Release|Any CPU
		{1AFD52AA-2FA6-482F-BD99-641F0B3CE4B3}.Release|x64.ActiveCfg = Release|Any CPU
		{1AFD52AA-2FA6-482F-BD99-641F0B3CE4B3}.Release|x64.Build.0 = Release|Any CPU
		{1AFD52AA-2FA6-482F-BD99-641F0B3CE4B3}.Release|x86.ActiveCfg = Release|Any CPU
		{1AFD52AA-2FA6-482F-BD99-641F0B3CE4B3}.Release|x86.Build.0 = Release|Any CPU
	EndGlobalSection
	GlobalSection(SolutionProperties) = preSolution
		HideSolutionNode = FALSE
	EndGlobalSection
	GlobalSection(ExtensibilityGlobals) = postSolution
		SolutionGuid = {EAFE26AE-0126-4FEE-9372-D00316375601}
	EndGlobalSection
EndGlobal
